
Microsoft Visual Studio Solution File, Format Version 12.00
# Visual Studio Version 17
VisualStudioVersion = 17.4.33205.214
MinimumVisualStudioVersion = 10.0.40219.1
Project("{FAE04EC0-301F-11D3-BF4B-00C04F79EFBC}") = "Practical10MVC", "Practical10MVC\Practical10MVC.csproj", "{2301F6F2-B63A-46D3-822D-1ED15A2D844F}"
EndProject
Global
	GlobalSection(SolutionConfigurationPlatforms) = preSolution
		Debug|Any CPU = Debug|Any CPU
		Release|Any CPU = Release|Any CPU
	EndGlobalSection
	GlobalSection(ProjectConfigurationPlatforms) = postSolution
		{2301F6F2-B63A-46D3-822D-1ED15A2D844F}.Debug|Any CPU.ActiveCfg = Debug|Any CPU
		{2301F6F2-B63A-46D3-822D-1ED15A2D844F}.Debug|Any CPU.Build.0 = Debug|Any CPU
		{2301F6F2-B63A-46D3-822D-1ED15A2D844F}.Release|Any CPU.ActiveCfg = Release|Any CPU
		{2301F6F2-B63A-46D3-822D-1ED15A2D844F}.Release|Any CPU.Build.0 = Release|Any CPU
	EndGlobalSection
	GlobalSection(SolutionProperties) = preSolution
		HideSolutionNode = FALSE
	EndGlobalSection
	GlobalSection(ExtensibilityGlobals) = postSolution
		SolutionGuid = {0878E31A-959D-4BAE-992B-BC0DCD50877B}
	EndGlobalSection
EndGlobal
